
Microsoft Visual Studio Solution File, Format Version 12.00
# Visual Studio Version 17
VisualStudioVersion = 17.4.33110.190
MinimumVisualStudioVersion = 10.0.40219.1
Project("{9A19103F-16F7-4668-BE54-9A1E7A4F7556}") = "OrderApi", "OrderApi\OrderApi.csproj", "{973CE757-04D3-4B63-A183-B97CBD3685D1}"
EndProject
Project("{9A19103F-16F7-4668-BE54-9A1E7A4F7556}") = "UserApi", "UserApi\UserApi.csproj", "{907EDBBE-47F9-45F8-9356-4EB2A69FB12D}"
EndProject
Project("{9A19103F-16F7-4668-BE54-9A1E7A4F7556}") = "ApiGateway", "ApiGateway\ApiGateway.csproj", "{AA8C142C-05C1-487F-B69B-06E33873026E}"
EndProject
Global
	GlobalSection(SolutionConfigurationPlatforms) = preSolution
		Debug|Any CPU = Debug|Any CPU
		Release|Any CPU = Release|Any CPU
	EndGlobalSection
	GlobalSection(ProjectConfigurationPlatforms) = postSolution
		{973CE757-04D3-4B63-A183-B97CBD3685D1}.Debug|Any CPU.ActiveCfg = Debug|Any CPU
		{973CE757-04D3-4B63-A183-B97CBD3685D1}.Debug|Any CPU.Build.0 = Debug|Any CPU
		{973CE757-04D3-4B63-A183-B97CBD3685D1}.Release|Any CPU.ActiveCfg = Release|Any CPU
		{973CE757-04D3-4B63-A183-B97CBD3685D1}.Release|Any CPU.Build.0 = Release|Any CPU
		{907EDBBE-47F9-45F8-9356-4EB2A69FB12D}.Debug|Any CPU.ActiveCfg = Debug|Any CPU
		{907EDBBE-47F9-45F8-9356-4EB2A69FB12D}.Debug|Any CPU.Build.0 = Debug|Any CPU
		{907EDBBE-47F9-45F8-9356-4EB2A69FB12D}.Release|Any CPU.ActiveCfg = Release|Any CPU
		{907EDBBE-47F9-45F8-9356-4EB2A69FB12D}.Release|Any CPU.Build.0 = Release|Any CPU
		{AA8C142C-05C1-487F-B69B-06E33873026E}.Debug|Any CPU.ActiveCfg = Debug|Any CPU
		{AA8C142C-05C1-487F-B69B-06E33873026E}.Debug|Any CPU.Build.0 = Debug|Any CPU
		{AA8C142C-05C1-487F-B69B-06E33873026E}.Release|Any CPU.ActiveCfg = Release|Any CPU
		{AA8C142C-05C1-487F-B69B-06E33873026E}.Release|Any CPU.Build.0 = Release|Any CPU
	EndGlobalSection
	GlobalSection(SolutionProperties) = preSolution
		HideSolutionNode = FALSE
	EndGlobalSection
	GlobalSection(ExtensibilityGlobals) = postSolution
		SolutionGuid = {C2470327-C448-4D3F-8B63-33EC1303E79E}
	EndGlobalSection
EndGlobal
